
Microsoft Visual Studio Solution File, Format Version 12.00
# Visual Studio 15
VisualStudioVersion = 15.0.26403.0
MinimumVisualStudioVersion = 10.0.40219.1
Project("{FAE04EC0-301F-11D3-BF4B-00C04F79EFBC}") = "NotificationService.Processor", "NotificationService.Processor\NotificationService.Processor.csproj", "{46E3F67C-CC42-4CEC-B1AE-841F3BC303CD}"
EndProject
Project("{FAE04EC0-301F-11D3-BF4B-00C04F79EFBC}") = "NotificationService.Contract", "NotificationService.Contract\NotificationService.Contract.csproj", "{8F8CB6BC-A226-4150-B2CA-5861C94CCEE9}"
EndProject
Project("{FAE04EC0-301F-11D3-BF4B-00C04F79EFBC}") = "NotificationService.SenderApi", "NotificationService.SenderApi\NotificationService.SenderApi.csproj", "{12BCD953-37D5-40D9-ABB5-CBE3C144653F}"
EndProject
Global
	GlobalSection(SolutionConfigurationPlatforms) = preSolution
		Debug|Any CPU = Debug|Any CPU
		Release|Any CPU = Release|Any CPU
	EndGlobalSection
	GlobalSection(ProjectConfigurationPlatforms) = postSolution
		{46E3F67C-CC42-4CEC-B1AE-841F3BC303CD}.Debug|Any CPU.ActiveCfg = Debug|Any CPU
		{46E3F67C-CC42-4CEC-B1AE-841F3BC303CD}.Debug|Any CPU.Build.0 = Debug|Any CPU
		{46E3F67C-CC42-4CEC-B1AE-841F3BC303CD}.Release|Any CPU.ActiveCfg = Release|Any CPU
		{46E3F67C-CC42-4CEC-B1AE-841F3BC303CD}.Release|Any CPU.Build.0 = Release|Any CPU
		{8F8CB6BC-A226-4150-B2CA-5861C94CCEE9}.Debug|Any CPU.ActiveCfg = Debug|Any CPU
		{8F8CB6BC-A226-4150-B2CA-5861C94CCEE9}.Debug|Any CPU.Build.0 = Debug|Any CPU
		{8F8CB6BC-A226-4150-B2CA-5861C94CCEE9}.Release|Any CPU.ActiveCfg = Release|Any CPU
		{8F8CB6BC-A226-4150-B2CA-5861C94CCEE9}.Release|Any CPU.Build.0 = Release|Any CPU
		{12BCD953-37D5-40D9-ABB5-CBE3C144653F}.Debug|Any CPU.ActiveCfg = Debug|Any CPU
		{12BCD953-37D5-40D9-ABB5-CBE3C144653F}.Debug|Any CPU.Build.0 = Debug|Any CPU
		{12BCD953-37D5-40D9-ABB5-CBE3C144653F}.Release|Any CPU.ActiveCfg = Release|Any CPU
		{12BCD953-37D5-40D9-ABB5-CBE3C144653F}.Release|Any CPU.Build.0 = Release|Any CPU
	EndGlobalSection
	GlobalSection(SolutionProperties) = preSolution
		HideSolutionNode = FALSE
	EndGlobalSection
EndGlobal
